
Microsoft Visual Studio Solution File, Format Version 12.00
# Visual Studio Version 17
VisualStudioVersion = 17.7.34221.43
MinimumVisualStudioVersion = 10.0.40219.1
Project("{FAE04EC0-301F-11D3-BF4B-00C04F79EFBC}") = "thuchuathanhcong", "thuchuathanhcong\thuchuathanhcong.csproj", "{8985ECEC-2BB6-42E0-A100-01B947C5D9DF}"
EndProject
Global
	GlobalSection(SolutionConfigurationPlatforms) = preSolution
		Debug|Any CPU = Debug|Any CPU
		Release|Any CPU = Release|Any CPU
	EndGlobalSection
	GlobalSection(ProjectConfigurationPlatforms) = postSolution
		{8985ECEC-2BB6-42E0-A100-01B947C5D9DF}.Debug|Any CPU.ActiveCfg = Debug|Any CPU
		{8985ECEC-2BB6-42E0-A100-01B947C5D9DF}.Debug|Any CPU.Build.0 = Debug|Any CPU
		{8985ECEC-2BB6-42E0-A100-01B947C5D9DF}.Debug|Any CPU.Deploy.0 = Debug|Any CPU
		{8985ECEC-2BB6-42E0-A100-01B947C5D9DF}.Release|Any CPU.ActiveCfg = Release|Any CPU
		{8985ECEC-2BB6-42E0-A100-01B947C5D9DF}.Release|Any CPU.Build.0 = Release|Any CPU
		{8985ECEC-2BB6-42E0-A100-01B947C5D9DF}.Release|Any CPU.Deploy.0 = Release|Any CPU
	EndGlobalSection
	GlobalSection(SolutionProperties) = preSolution
		HideSolutionNode = FALSE
	EndGlobalSection
	GlobalSection(ExtensibilityGlobals) = postSolution
		SolutionGuid = {D2544B19-1141-47D2-9566-59174B410308}
	EndGlobalSection
EndGlobal
